
Microsoft Visual Studio Solution File, Format Version 12.00
# Visual Studio 15
VisualStudioVersion = 15.0.27130.2003
MinimumVisualStudioVersion = 10.0.40219.1
Project("{FAE04EC0-301F-11D3-BF4B-00C04F79EFBC}") = "Madera", "Madera\Madera.csproj", "{125DF2D6-FA92-4AA3-9F47-FE44D31AF7C5}"
EndProject
Global
	GlobalSection(SolutionConfigurationPlatforms) = preSolution
		Debug|Any CPU = Debug|Any CPU
		Release|Any CPU = Release|Any CPU
	EndGlobalSection
	GlobalSection(ProjectConfigurationPlatforms) = postSolution
		{125DF2D6-FA92-4AA3-9F47-FE44D31AF7C5}.Debug|Any CPU.ActiveCfg = Debug|Any CPU
		{125DF2D6-FA92-4AA3-9F47-FE44D31AF7C5}.Debug|Any CPU.Build.0 = Debug|Any CPU
		{125DF2D6-FA92-4AA3-9F47-FE44D31AF7C5}.Release|Any CPU.ActiveCfg = Release|Any CPU
		{125DF2D6-FA92-4AA3-9F47-FE44D31AF7C5}.Release|Any CPU.Build.0 = Release|Any CPU
	EndGlobalSection
	GlobalSection(SolutionProperties) = preSolution
		HideSolutionNode = FALSE
	EndGlobalSection
	GlobalSection(ExtensibilityGlobals) = postSolution
		SolutionGuid = {698EE344-7C38-40B9-8707-8B6C8718278C}
	EndGlobalSection
EndGlobal
